
Microsoft Visual Studio Solution File, Format Version 12.00
# Visual Studio Version 17
VisualStudioVersion = 17.7.34202.233
MinimumVisualStudioVersion = 10.0.40219.1
Project("{FAE04EC0-301F-11D3-BF4B-00C04F79EFBC}") = "TobetoHomework", "TobetoHomework\TobetoHomework.csproj", "{4729C006-207D-4DEB-981F-BAD6CD973472}"
EndProject
Project("{FAE04EC0-301F-11D3-BF4B-00C04F79EFBC}") = "Conditionals", "Conditionals\Conditionals.csproj", "{7350A79F-CE60-436B-8320-F9261EA30BDC}"
EndProject
Project("{FAE04EC0-301F-11D3-BF4B-00C04F79EFBC}") = "Methods", "Methods\Methods.csproj", "{04BCCA79-AFA0-4EE3-9692-F6A9504DE57B}"
EndProject
Project("{FAE04EC0-301F-11D3-BF4B-00C04F79EFBC}") = "Arrays", "Arrays\Arrays.csproj", "{649AE0C2-E94F-42E0-9286-56FD7908799F}"
EndProject
Project("{FAE04EC0-301F-11D3-BF4B-00C04F79EFBC}") = "Loops", "Loops\Loops.csproj", "{6E9F421B-03BF-4392-ABE0-FD6743D4B62E}"
EndProject
Global
	GlobalSection(SolutionConfigurationPlatforms) = preSolution
		Debug|Any CPU = Debug|Any CPU
		Release|Any CPU = Release|Any CPU
	EndGlobalSection
	GlobalSection(ProjectConfigurationPlatforms) = postSolution
		{4729C006-207D-4DEB-981F-BAD6CD973472}.Debug|Any CPU.ActiveCfg = Debug|Any CPU
		{4729C006-207D-4DEB-981F-BAD6CD973472}.Debug|Any CPU.Build.0 = Debug|Any CPU
		{4729C006-207D-4DEB-981F-BAD6CD973472}.Release|Any CPU.ActiveCfg = Release|Any CPU
		{4729C006-207D-4DEB-981F-BAD6CD973472}.Release|Any CPU.Build.0 = Release|Any CPU
		{7350A79F-CE60-436B-8320-F9261EA30BDC}.Debug|Any CPU.ActiveCfg = Debug|Any CPU
		{7350A79F-CE60-436B-8320-F9261EA30BDC}.Debug|Any CPU.Build.0 = Debug|Any CPU
		{7350A79F-CE60-436B-8320-F9261EA30BDC}.Release|Any CPU.ActiveCfg = Release|Any CPU
		{7350A79F-CE60-436B-8320-F9261EA30BDC}.Release|Any CPU.Build.0 = Release|Any CPU
		{04BCCA79-AFA0-4EE3-9692-F6A9504DE57B}.Debug|Any CPU.ActiveCfg = Debug|Any CPU
		{04BCCA79-AFA0-4EE3-9692-F6A9504DE57B}.Debug|Any CPU.Build.0 = Debug|Any CPU
		{04BCCA79-AFA0-4EE3-9692-F6A9504DE57B}.Release|Any CPU.ActiveCfg = Release|Any CPU
		{04BCCA79-AFA0-4EE3-9692-F6A9504DE57B}.Release|Any CPU.Build.0 = Release|Any CPU
		{649AE0C2-E94F-42E0-9286-56FD7908799F}.Debug|Any CPU.ActiveCfg = Debug|Any CPU
		{649AE0C2-E94F-42E0-9286-56FD7908799F}.Debug|Any CPU.Build.0 = Debug|Any CPU
		{649AE0C2-E94F-42E0-9286-56FD7908799F}.Release|Any CPU.ActiveCfg = Release|Any CPU
		{649AE0C2-E94F-42E0-9286-56FD7908799F}.Release|Any CPU.Build.0 = Release|Any CPU
		{6E9F421B-03BF-4392-ABE0-FD6743D4B62E}.Debug|Any CPU.ActiveCfg = Debug|Any CPU
		{6E9F421B-03BF-4392-ABE0-FD6743D4B62E}.Debug|Any CPU.Build.0 = Debug|Any CPU
		{6E9F421B-03BF-4392-ABE0-FD6743D4B62E}.Release|Any CPU.ActiveCfg = Release|Any CPU
		{6E9F421B-03BF-4392-ABE0-FD6743D4B62E}.Release|Any CPU.Build.0 = Release|Any CPU
	EndGlobalSection
	GlobalSection(SolutionProperties) = preSolution
		HideSolutionNode = FALSE
	EndGlobalSection
	GlobalSection(ExtensibilityGlobals) = postSolution
		SolutionGuid = {8C45F385-DA87-4FD5-8521-1D6E8E3318D4}
	EndGlobalSection
EndGlobal
