
Microsoft Visual Studio Solution File, Format Version 12.00
# Visual Studio Version 17
VisualStudioVersion = 17.7.34202.233
MinimumVisualStudioVersion = 10.0.40219.1
Project("{FAE04EC0-301F-11D3-BF4B-00C04F79EFBC}") = "TobetoHomework", "TobetoHomework\TobetoHomework.csproj", "{4729C006-207D-4DEB-981F-BAD6CD973472}"
EndProject
Project("{9A19103F-16F7-4668-BE54-9A1E7A4F7556}") = "Conditionals", "Conditionals\Conditionals.csproj", "{7350A79F-CE60-436B-8320-F9261EA30BDC}"
EndProject
Project("{9A19103F-16F7-4668-BE54-9A1E7A4F7556}") = "Methods", "Methods\Methods.csproj", "{04BCCA79-AFA0-4EE3-9692-F6A9504DE57B}"
EndProject
Project("{9A19103F-16F7-4668-BE54-9A1E7A4F7556}") = "Arrays", "Arrays\Arrays.csproj", "{649AE0C2-E94F-42E0-9286-56FD7908799F}"
EndProject
Project("{9A19103F-16F7-4668-BE54-9A1E7A4F7556}") = "Loops", "Loops\Loops.csproj", "{6E9F421B-03BF-4392-ABE0-FD6743D4B62E}"
EndProject
Project("{9A19103F-16F7-4668-BE54-9A1E7A4F7556}") = "Strings", "Strings\Strings.csproj", "{72617E89-2F7B-465A-B1C8-A1239D7A59DA}"
EndProject
Project("{9A19103F-16F7-4668-BE54-9A1E7A4F7556}") = "Classes", "Classes\Classes.csproj", "{E7B971E0-04AC-49FD-8117-F04F71E40051}"
EndProject
Project("{FAE04EC0-301F-11D3-BF4B-00C04F79EFBC}") = "RecapDemo1", "RecapDemo\RecapDemo1.csproj", "{6EBC260D-F9BA-46FB-820F-3A6EFEE0EBA8}"
EndProject
Project("{FAE04EC0-301F-11D3-BF4B-00C04F79EFBC}") = "InterFaces", "InterFaces\InterFaces.csproj", "{6D0BBA2D-16F4-4FE4-9444-36317767A34F}"
EndProject
Global
	GlobalSection(SolutionConfigurationPlatforms) = preSolution
		Debug|Any CPU = Debug|Any CPU
		Release|Any CPU = Release|Any CPU
	EndGlobalSection
	GlobalSection(ProjectConfigurationPlatforms) = postSolution
		{4729C006-207D-4DEB-981F-BAD6CD973472}.Debug|Any CPU.ActiveCfg = Debug|Any CPU
		{4729C006-207D-4DEB-981F-BAD6CD973472}.Debug|Any CPU.Build.0 = Debug|Any CPU
		{4729C006-207D-4DEB-981F-BAD6CD973472}.Release|Any CPU.ActiveCfg = Release|Any CPU
		{4729C006-207D-4DEB-981F-BAD6CD973472}.Release|Any CPU.Build.0 = Release|Any CPU
		{7350A79F-CE60-436B-8320-F9261EA30BDC}.Debug|Any CPU.ActiveCfg = Debug|Any CPU
		{7350A79F-CE60-436B-8320-F9261EA30BDC}.Debug|Any CPU.Build.0 = Debug|Any CPU
		{7350A79F-CE60-436B-8320-F9261EA30BDC}.Release|Any CPU.ActiveCfg = Release|Any CPU
		{7350A79F-CE60-436B-8320-F9261EA30BDC}.Release|Any CPU.Build.0 = Release|Any CPU
		{04BCCA79-AFA0-4EE3-9692-F6A9504DE57B}.Debug|Any CPU.ActiveCfg = Debug|Any CPU
		{04BCCA79-AFA0-4EE3-9692-F6A9504DE57B}.Debug|Any CPU.Build.0 = Debug|Any CPU
		{04BCCA79-AFA0-4EE3-9692-F6A9504DE57B}.Release|Any CPU.ActiveCfg = Release|Any CPU
		{04BCCA79-AFA0-4EE3-9692-F6A9504DE57B}.Release|Any CPU.Build.0 = Release|Any CPU
		{649AE0C2-E94F-42E0-9286-56FD7908799F}.Debug|Any CPU.ActiveCfg = Debug|Any CPU
		{649AE0C2-E94F-42E0-9286-56FD7908799F}.Debug|Any CPU.Build.0 = Debug|Any CPU
		{649AE0C2-E94F-42E0-9286-56FD7908799F}.Release|Any CPU.ActiveCfg = Release|Any CPU
		{649AE0C2-E94F-42E0-9286-56FD7908799F}.Release|Any CPU.Build.0 = Release|Any CPU
		{6E9F421B-03BF-4392-ABE0-FD6743D4B62E}.Debug|Any CPU.ActiveCfg = Debug|Any CPU
		{6E9F421B-03BF-4392-ABE0-FD6743D4B62E}.Debug|Any CPU.Build.0 = Debug|Any CPU
		{6E9F421B-03BF-4392-ABE0-FD6743D4B62E}.Release|Any CPU.ActiveCfg = Release|Any CPU
		{6E9F421B-03BF-4392-ABE0-FD6743D4B62E}.Release|Any CPU.Build.0 = Release|Any CPU
		{72617E89-2F7B-465A-B1C8-A1239D7A59DA}.Debug|Any CPU.ActiveCfg = Debug|Any CPU
		{72617E89-2F7B-465A-B1C8-A1239D7A59DA}.Debug|Any CPU.Build.0 = Debug|Any CPU
		{72617E89-2F7B-465A-B1C8-A1239D7A59DA}.Release|Any CPU.ActiveCfg = Release|Any CPU
		{72617E89-2F7B-465A-B1C8-A1239D7A59DA}.Release|Any CPU.Build.0 = Release|Any CPU
		{E7B971E0-04AC-49FD-8117-F04F71E40051}.Debug|Any CPU.ActiveCfg = Debug|Any CPU
		{E7B971E0-04AC-49FD-8117-F04F71E40051}.Debug|Any CPU.Build.0 = Debug|Any CPU
		{E7B971E0-04AC-49FD-8117-F04F71E40051}.Release|Any CPU.ActiveCfg = Release|Any CPU
		{E7B971E0-04AC-49FD-8117-F04F71E40051}.Release|Any CPU.Build.0 = Release|Any CPU
		{6EBC260D-F9BA-46FB-820F-3A6EFEE0EBA8}.Debug|Any CPU.ActiveCfg = Debug|Any CPU
		{6EBC260D-F9BA-46FB-820F-3A6EFEE0EBA8}.Debug|Any CPU.Build.0 = Debug|Any CPU
		{6EBC260D-F9BA-46FB-820F-3A6EFEE0EBA8}.Release|Any CPU.ActiveCfg = Release|Any CPU
		{6EBC260D-F9BA-46FB-820F-3A6EFEE0EBA8}.Release|Any CPU.Build.0 = Release|Any CPU
		{6D0BBA2D-16F4-4FE4-9444-36317767A34F}.Debug|Any CPU.ActiveCfg = Debug|Any CPU
		{6D0BBA2D-16F4-4FE4-9444-36317767A34F}.Debug|Any CPU.Build.0 = Debug|Any CPU
		{6D0BBA2D-16F4-4FE4-9444-36317767A34F}.Release|Any CPU.ActiveCfg = Release|Any CPU
		{6D0BBA2D-16F4-4FE4-9444-36317767A34F}.Release|Any CPU.Build.0 = Release|Any CPU
	EndGlobalSection
	GlobalSection(SolutionProperties) = preSolution
		HideSolutionNode = FALSE
	EndGlobalSection
	GlobalSection(ExtensibilityGlobals) = postSolution
		SolutionGuid = {8C45F385-DA87-4FD5-8521-1D6E8E3318D4}
	EndGlobalSection
EndGlobal
